// !$*UTF8*$!
{
	archiveVersion = 1;
	classes = {
	};
	objectVersion = 46;
	objects = {

/* Begin PBXBuildFile section */
		F2CA13C61B4B01F700A828D0 /* main.cpp in Sources */ = {isa = PBXBuildFile; fileRef = F2CA13C51B4B01F700A828D0 /* main.cpp */; };
/* End PBXBuildFile section */

/* Begin PBXCopyFilesBuildPhase section */
		F2CA13C01B4B01F700A828D0 /* CopyFiles */ = {
			isa = PBXCopyFilesBuildPhase;
			buildActionMask = 2147483647;
			dstPath = /usr/share/man/man1/;
			dstSubfolderSpec = 0;
			files = (
			);
			runOnlyForDeploymentPostprocessing = 1;
		};
/* End PBXCopyFilesBuildPhase section */

/* Begin PBXFileReference section */
		F28856E41B4CC03000F0E4A8 /* TwoDayPackage.h */ = {isa = PBXFileReference; lastKnownFileType = sourcecode.c.h; path = TwoDayPackage.h; sourceTree = "<group>"; };
		F28856E51B4CC0B900F0E4A8 /* TwoDayPackage.cpp */ = {isa = PBXFileReference; lastKnownFileType = sourcecode.cpp.cpp; path = TwoDayPackage.cpp; sourceTree = "<group>"; };
		F2CA13C21B4B01F700A828D0 /* Package */ = {isa = PBXFileReference; explicitFileType = "compiled.mach-o.executable"; includeInIndex = 0; path = Package; sourceTree = BUILT_PRODUCTS_DIR; };
		F2CA13C51B4B01F700A828D0 /* main.cpp */ = {isa = PBXFileReference; lastKnownFileType = sourcecode.cpp.cpp; path = main.cpp; sourceTree = "<group>"; };
		F2CA13CC1B4B022A00A828D0 /* Package.cpp */ = {isa = PBXFileReference; lastKnownFileType = sourcecode.cpp.cpp; path = Package.cpp; sourceTree = "<group>"; };
		F2CA13CD1B4B022A00A828D0 /* Package.h */ = {isa = PBXFileReference; lastKnownFileType = sourcecode.c.h; path = Package.h; sourceTree = "<group>"; };
/* End PBXFileReference section */

/* Begin PBXFrameworksBuildPhase section */
		F2CA13BF1B4B01F700A828D0 /* Frameworks */ = {
			isa = PBXFrameworksBuildPhase;
			buildActionMask = 2147483647;
			files = (
			);
			runOnlyForDeploymentPostprocessing = 0;
		};
/* End PBXFrameworksBuildPhase section */

/* Begin PBXGroup section */
		F2CA13B91B4B01F700A828D0 = {
			isa = PBXGroup;
			children = (
				F2CA13C41B4B01F700A828D0 /* Package */,
				F2CA13C31B4B01F700A828D0 /* Products */,
			);
			sourceTree = "<group>";
		};
		F2CA13C31B4B01F700A828D0 /* Products */ = {
			isa = PBXGroup;
			children = (
				F2CA13C21B4B01F700A828D0 /* Package */,
			);
			name = Products;
			sourceTree = "<group>";
		};
		F2CA13C41B4B01F700A828D0 /* Package */ = {
			isa = PBXGroup;
			children = (
				F2CA13C51B4B01F700A828D0 /* main.cpp */,
				F2CA13CC1B4B022A00A828D0 /* Package.cpp */,
				F2CA13CD1B4B022A00A828D0 /* Package.h */,
				F28856E51B4CC0B900F0E4A8 /* TwoDayPackage.cpp */,
				F28856E41B4CC03000F0E4A8 /* TwoDayPackage.h */,
			);
			path = Package;
			sourceTree = "<group>";
		};
/* End PBXGroup section */

/* Begin PBXNativeTarget section */
		F2CA13C11B4B01F700A828D0 /* Package */ = {
			isa = PBXNativeTarget;
			buildConfigurationList = F2CA13C91B4B01F700A828D0 /* Build configuration list for PBXNativeTarget "Package" */;
			buildPhases = (
				F2CA13BE1B4B01F700A828D0 /* Sources */,
				F2CA13BF1B4B01F700A828D0 /* Frameworks */,
				F2CA13C01B4B01F700A828D0 /* CopyFiles */,
			);
			buildRules = (
			);
			dependencies = (
			);
			name = Package;
			productName = Package;
			productReference = F2CA13C21B4B01F700A828D0 /* Package */;
			productType = "com.apple.product-type.tool";
		};
/* End PBXNativeTarget section */

/* Begin PBXProject section */
		F2CA13BA1B4B01F700A828D0 /* Project object */ = {
			isa = PBXProject;
			attributes = {
				LastUpgradeCheck = 0640;
				ORGANIZATIONNAME = Obren;
				TargetAttributes = {
					F2CA13C11B4B01F700A828D0 = {
						CreatedOnToolsVersion = 6.4;
					};
				};
			};
			buildConfigurationList = F2CA13BD1B4B01F700A828D0 /* Build configuration list for PBXProject "Package" */;
			compatibilityVersion = "Xcode 3.2";
			developmentRegion = English;
			hasScannedForEncodings = 0;
			knownRegions = (
				en,
			);
			mainGroup = F2CA13B91B4B01F700A828D0;
			productRefGroup = F2CA13C31B4B01F700A828D0 /* Products */;
			projectDirPath = "";
			projectRoot = "";
			targets = (
				F2CA13C11B4B01F700A828D0 /* Package */,
			);
		};
/* End PBXProject section */

/* Begin PBXSourcesBuildPhase section */
		F2CA13BE1B4B01F700A828D0 /* Sources */ = {
			isa = PBXSourcesBuildPhase;
			buildActionMask = 2147483647;
			files = (
				F2CA13C61B4B01F700A828D0 /* main.cpp in Sources */,
			);
			runOnlyForDeploymentPostprocessing = 0;
		};
/* End PBXSourcesBuildPhase section */

/* Begin XCBuildConfiguration section */
		F2CA13C71B4B01F700A828D0 /* Debug */ = {
			isa = XCBuildConfiguration;
			buildSettings = {
				ALWAYS_SEARCH_USER_PATHS = NO;
				CLANG_CXX_LANGUAGE_STANDARD = "gnu++0x";
				CLANG_CXX_LIBRARY = "libc++";
				CLANG_ENABLE_MODULES = YES;
				CLANG_ENABLE_OBJC_ARC = YES;
				CLANG_WARN_BOOL_CONVERSION = YES;
				CLANG_WARN_CONSTANT_CONVERSION = YES;
				CLANG_WARN_DIRECT_OBJC_ISA_USAGE = YES_ERROR;
				CLANG_WARN_EMPTY_BODY = YES;
				CLANG_WARN_ENUM_CONVERSION = YES;
				CLANG_WARN_INT_CONVERSION = YES;
				CLANG_WARN_OBJC_ROOT_CLASS = YES_ERROR;
				CLANG_WARN_UNREACHABLE_CODE = YES;
				CLANG_WARN__DUPLICATE_METHOD_MATCH = YES;
				COPY_PHASE_STRIP = NO;
				DEBUG_INFORMATION_FORMAT = dwarf;
				ENABLE_STRICT_OBJC_MSGSEND = YES;
				GCC_C_LANGUAGE_STANDARD = gnu99;
				GCC_DYNAMIC_NO_PIC = NO;
				GCC_NO_COMMON_BLOCKS = YES;
				GCC_OPTIMIZATION_LEVEL = 0;
				GCC_PREPROCESSOR_DEFINITIONS = (
					"DEBUG=1",
					"$(inherited)",
				);
				GCC_SYMBOLS_PRIVATE_EXTERN = NO;
				GCC_WARN_64_TO_32_BIT_CONVERSION = YES;
				GCC_WARN_ABOUT_RETURN_TYPE = YES_ERROR;
				GCC_WARN_UNDECLARED_SELECTOR = YES;
				GCC_WARN_UNINITIALIZED_AUTOS = YES_AGGRESSIVE;
				GCC_WARN_UNUSED_FUNCTION = YES;
				GCC_WARN_UNUSED_VARIABLE = YES;
				MACOSX_DEPLOYMENT_TARGET = 10.10;
				MTL_ENABLE_DEBUG_INFO = YES;
				ONLY_ACTIVE_ARCH = YES;
				SDKROOT = macosx;
			};
			name = Debug;
		};
		F2CA13C81B4B01F700A828D0 /* Release */ = {
			isa = XCBuildConfiguration;
			buildSettings = {
				ALWAYS_SEARCH_USER_PATHS = NO;
				CLANG_CXX_LANGUAGE_STANDARD = "gnu++0x";
				CLANG_CXX_LIBRARY = "libc++";
				CLANG_ENABLE_MODULES = YES;
				CLANG_ENABLE_OBJC_ARC = YES;
				CLANG_WARN_BOOL_CONVERSION = YES;
				CLANG_WARN_CONSTANT_CONVERSION = YES;
				CLANG_WARN_DIRECT_OBJC_ISA_USAGE = YES_ERROR;
				CLANG_WARN_EMPTY_BODY = YES;
				CLANG_WARN_ENUM_CONVERSION = YES;
				CLANG_WARN_INT_CONVERSION = YES;
				CLANG_WARN_OBJC_ROOT_CLASS = YES_ERROR;
				CLANG_WARN_UNREACHABLE_CODE = YES;
				CLANG_WARN__DUPLICATE_METHOD_MATCH = YES;
				COPY_PHASE_STRIP = NO;
				DEBUG_INFORMATION_FORMAT = "dwarf-with-dsym";
				ENABLE_NS_ASSERTIONS = NO;
				ENABLE_STRICT_OBJC_MSGSEND = YES;
				GCC_C_LANGUAGE_STANDARD = gnu99;
				GCC_NO_COMMON_BLOCKS = YES;
				GCC_WARN_64_TO_32_BIT_CONVERSION = YES;
				GCC_WARN_ABOUT_RETURN_TYPE = YES_ERROR;
				GCC_WARN_UNDECLARED_SELECTOR = YES;
				GCC_WARN_UNINITIALIZED_AUTOS = YES_AGGRESSIVE;
				GCC_WARN_UNUSED_FUNCTION = YES;
				GCC_WARN_UNUSED_VARIABLE = YES;
				MACOSX_DEPLOYMENT_TARGET = 10.10;
				MTL_ENABLE_DEBUG_INFO = NO;
				SDKROOT = macosx;
			};
			name = Release;
		};
		F2CA13CA1B4B01F700A828D0 /* Debug */ = {
			isa = XCBuildConfiguration;
			buildSettings = {
				PRODUCT_NAME = "$(TARGET_NAME)";
			};
			name = Debug;
		};
		F2CA13CB1B4B01F700A828D0 /* Release */ = {
			isa = XCBuildConfiguration;
			buildSettings = {
				PRODUCT_NAME = "$(TARGET_NAME)";
			};
			name = Release;
		};
/* End XCBuildConfiguration section */

/* Begin XCConfigurationList section */
		F2CA13BD1B4B01F700A828D0 /* Build configuration list for PBXProject "Package" */ = {
			isa = XCConfigurationList;
			buildConfigurations = (
				F2CA13C71B4B01F700A828D0 /* Debug */,
				F2CA13C81B4B01F700A828D0 /* Release */,
			);
			defaultConfigurationIsVisible = 0;
			defaultConfigurationName = Release;
		};
		F2CA13C91B4B01F700A828D0 /* Build configuration list for PBXNativeTarget "Package" */ = {
			isa = XCConfigurationList;
			buildConfigurations = (
				F2CA13CA1B4B01F700A828D0 /* Debug */,
				F2CA13CB1B4B01F700A828D0 /* Release */,
			);
			defaultConfigurationIsVisible = 0;
			defaultConfigurationName = Release;
		};
/* End XCConfigurationList section */
	};
	rootObject = F2CA13BA1B4B01F700A828D0 /* Project object */;
}
